# THIS IS AN AUTOGENERATED FILE. DO NOT EDIT THIS FILE DIRECTLY.
# yarn lockfile v1


"@gi-types/gio2@^2.68.0":
  version "2.68.0"
  resolved "https://registry.yarnpkg.com/@gi-types/gio2/-/gio2-2.68.0.tgz#45c35975c0a85e257b492e156cf2c82eb6dd2ad5"
  integrity sha512-VEjaLR96r9HOqf9YfVN4tAVeCAIqccoOz2KUJyqj3Ha/GABBilEucJUr7VK7t2Vogtlp7VyqdSa2AilORqPg1A==
  dependencies:
    "@gi-types/glib2" "^2.68.0"
    "@gi-types/gobject2" "^2.68.0"

"@gi-types/glib2@^2.68.0":
  version "2.68.0"
  resolved "https://registry.yarnpkg.com/@gi-types/glib2/-/glib2-2.68.0.tgz#9cbb46eec42a21058823c29237ac81a676f8bc95"
  integrity sha512-xm0VaFsL3YbjmwgiWFMX/yX/nxKu1xXsSY7pnHL7T5bQcb28oNCfWBH1Rhlx6wjL7DR2mQjX5owbaA5ZXUFLHQ==
  dependencies:
    "@gi-types/gobject2" "^2.68.0"

"@gi-types/gobject2@^2.68.0":
  version "2.68.0"
  resolved "https://registry.yarnpkg.com/@gi-types/gobject2/-/gobject2-2.68.0.tgz#d19ed29a41309c8c300572e94b317c329af1c323"
  integrity sha512-Ka/vZnb+VLg68eNJ6rnkU6qjqupnpPjq8JFmJsdUsMyZPV9WTG7YOKiAZBQ3BfSO5LsiDdAyVWfU7OHu//So0Q==
  dependencies:
    "@gi-types/glib2" "^2.68.0"
